// !$*UTF8*$!
{
	archiveVersion = 1;
	classes = {
	};
	objectVersion = 46;
	objects = {

/* Begin PBXBuildFile section */
		476B2E91223B38AE003A282C /* DisplayViewController.xib in Resources */ = {isa = PBXBuildFile; fileRef = 476B2E8E223B38AE003A282C /* DisplayViewController.xib */; };
		476B2E92223B38AE003A282C /* WaveLoadingIndicator.swift in Sources */ = {isa = PBXBuildFile; fileRef = 476B2E8F223B38AE003A282C /* WaveLoadingIndicator.swift */; };
		476B2E93223B38AE003A282C /* DisplayViewController.swift in Sources */ = {isa = PBXBuildFile; fileRef = 476B2E90223B38AE003A282C /* DisplayViewController.swift */; };
		47C8EE34225AECCA0070EA00 /* bg.png in Resources */ = {isa = PBXBuildFile; fileRef = 47C8EE33225AECCA0070EA00 /* bg.png */; };
		47EAA0342248AAAE006B90C6 /* SDWebImageManager.m in Sources */ = {isa = PBXBuildFile; fileRef = 47EAA0192248AAAE006B90C6 /* SDWebImageManager.m */; };
		47EAA0352248AAAE006B90C6 /* SDWebImageDecoder.m in Sources */ = {isa = PBXBuildFile; fileRef = 47EAA01A2248AAAE006B90C6 /* SDWebImageDecoder.m */; };
		47EAA0362248AAAE006B90C6 /* UIImageView+HighlightedWebCache.m in Sources */ = {isa = PBXBuildFile; fileRef = 47EAA01C2248AAAE006B90C6 /* UIImageView+HighlightedWebCache.m */; };
		47EAA0372248AAAE006B90C6 /* SDWebImageDownloader.m in Sources */ = {isa = PBXBuildFile; fileRef = 47EAA01E2248AAAE006B90C6 /* SDWebImageDownloader.m */; };
		47EAA0382248AAAE006B90C6 /* UIImage+GIF.m in Sources */ = {isa = PBXBuildFile; fileRef = 47EAA01F2248AAAE006B90C6 /* UIImage+GIF.m */; };
		47EAA0392248AAAE006B90C6 /* UIImage+MultiFormat.m in Sources */ = {isa = PBXBuildFile; fileRef = 47EAA0212248AAAE006B90C6 /* UIImage+MultiFormat.m */; };
		47EAA03A2248AAAE006B90C6 /* SDWebImageCompat.m in Sources */ = {isa = PBXBuildFile; fileRef = 47EAA0222248AAAE006B90C6 /* SDWebImageCompat.m */; };
		47EAA03B2248AAAE006B90C6 /* SDWebImagePrefetcher.m in Sources */ = {isa = PBXBuildFile; fileRef = 47EAA0232248AAAE006B90C6 /* SDWebImagePrefetcher.m */; };
		47EAA03C2248AAAE006B90C6 /* SDImageCache.m in Sources */ = {isa = PBXBuildFile; fileRef = 47EAA0252248AAAE006B90C6 /* SDImageCache.m */; };
		47EAA03D2248AAAE006B90C6 /* SDWebImageDownloaderOperation.m in Sources */ = {isa = PBXBuildFile; fileRef = 47EAA0272248AAAE006B90C6 /* SDWebImageDownloaderOperation.m */; };
		47EAA03E2248AAAE006B90C6 /* NSData+ImageContentType.m in Sources */ = {isa = PBXBuildFile; fileRef = 47EAA02A2248AAAE006B90C6 /* NSData+ImageContentType.m */; };
		47EAA03F2248AAAE006B90C6 /* UIImageView+WebCache.m in Sources */ = {isa = PBXBuildFile; fileRef = 47EAA02B2248AAAE006B90C6 /* UIImageView+WebCache.m */; };
		47EAA0402248AAAE006B90C6 /* UIView+WebCacheOperation.m in Sources */ = {isa = PBXBuildFile; fileRef = 47EAA02E2248AAAE006B90C6 /* UIView+WebCacheOperation.m */; };
		47EAA0412248AAAE006B90C6 /* UIButton+WebCache.m in Sources */ = {isa = PBXBuildFile; fileRef = 47EAA0322248AAAE006B90C6 /* UIButton+WebCache.m */; };
		E56A11411D6FECA5003808BF /* main.m in Sources */ = {isa = PBXBuildFile; fileRef = E56A11401D6FECA5003808BF /* main.m */; };
		E56A11441D6FECA5003808BF /* AppDelegate.m in Sources */ = {isa = PBXBuildFile; fileRef = E56A11431D6FECA5003808BF /* AppDelegate.m */; };
		E56A11471D6FECA5003808BF /* ViewController.m in Sources */ = {isa = PBXBuildFile; fileRef = E56A11461D6FECA5003808BF /* ViewController.m */; };
		E56A114A1D6FECA5003808BF /* Main.storyboard in Resources */ = {isa = PBXBuildFile; fileRef = E56A11481D6FECA5003808BF /* Main.storyboard */; };
		E56A114F1D6FECA5003808BF /* LaunchScreen.storyboard in Resources */ = {isa = PBXBuildFile; fileRef = E56A114D1D6FECA5003808BF /* LaunchScreen.storyboard */; };
		E56A115A1D6FECA5003808BF /* BeaconWaveLoadingTests.m in Sources */ = {isa = PBXBuildFile; fileRef = E56A11591D6FECA5003808BF /* BeaconWaveLoadingTests.m */; };
		E56A11651D6FECA5003808BF /* BeaconWaveLoadingUITests.m in Sources */ = {isa = PBXBuildFile; fileRef = E56A11641D6FECA5003808BF /* BeaconWaveLoadingUITests.m */; };
		E56A11871D6FECF0003808BF /* TableViewController.m in Sources */ = {isa = PBXBuildFile; fileRef = E56A11801D6FECF0003808BF /* TableViewController.m */; };
		E5708CC01D8FEEEF00DC6278 /* Manager.m in Sources */ = {isa = PBXBuildFile; fileRef = E5708CBF1D8FEEEF00DC6278 /* Manager.m */; };
		E5F0C3D71DED68EB004DFEDE /* libMinewBeacon.a in Frameworks */ = {isa = PBXBuildFile; fileRef = E5F0C3D61DED68EB004DFEDE /* libMinewBeacon.a */; };
/* End PBXBuildFile section */

/* Begin PBXContainerItemProxy section */
		E56A11561D6FECA5003808BF /* PBXContainerItemProxy */ = {
			isa = PBXContainerItemProxy;
			containerPortal = E56A11341D6FECA5003808BF /* Project object */;
			proxyType = 1;
			remoteGlobalIDString = E56A113B1D6FECA5003808BF;
			remoteInfo = MinewBeaconDemo;
		};
		E56A11611D6FECA5003808BF /* PBXContainerItemProxy */ = {
			isa = PBXContainerItemProxy;
			containerPortal = E56A11341D6FECA5003808BF /* Project object */;
			proxyType = 1;
			remoteGlobalIDString = E56A113B1D6FECA5003808BF;
			remoteInfo = MinewBeaconDemo;
		};
/* End PBXContainerItemProxy section */

/* Begin PBXFileReference section */
		476B2E8E223B38AE003A282C /* DisplayViewController.xib */ = {isa = PBXFileReference; fileEncoding = 4; lastKnownFileType = file.xib; path = DisplayViewController.xib; sourceTree = "<group>"; };
		476B2E8F223B38AE003A282C /* WaveLoadingIndicator.swift */ = {isa = PBXFileReference; fileEncoding = 4; lastKnownFileType = sourcecode.swift; path = WaveLoadingIndicator.swift; sourceTree = "<group>"; };
		476B2E90223B38AE003A282C /* DisplayViewController.swift */ = {isa = PBXFileReference; fileEncoding = 4; lastKnownFileType = sourcecode.swift; path = DisplayViewController.swift; sourceTree = "<group>"; };
		476B2E95223B3A22003A282C /* BeaconWaveLoading-Bridging-Header.h */ = {isa = PBXFileReference; lastKnownFileType = sourcecode.c.h; path = "BeaconWaveLoading-Bridging-Header.h"; sourceTree = "<group>"; };
		47C8EE33225AECCA0070EA00 /* bg.png */ = {isa = PBXFileReference; lastKnownFileType = image.png; path = bg.png; sourceTree = "<group>"; };
		47EAA0172248AAAE006B90C6 /* UIImageView+WebCache.h */ = {isa = PBXFileReference; fileEncoding = 4; lastKnownFileType = sourcecode.c.h; path = "UIImageView+WebCache.h"; sourceTree = "<group>"; };
		47EAA0182248AAAE006B90C6 /* NSData+ImageContentType.h */ = {isa = PBXFileReference; fileEncoding = 4; lastKnownFileType = sourcecode.c.h; path = "NSData+ImageContentType.h"; sourceTree = "<group>"; };
		47EAA0192248AAAE006B90C6 /* SDWebImageManager.m */ = {isa = PBXFileReference; fileEncoding = 4; lastKnownFileType = sourcecode.c.objc; path = SDWebImageManager.m; sourceTree = "<group>"; };
		47EAA01A2248AAAE006B90C6 /* SDWebImageDecoder.m */ = {isa = PBXFileReference; fileEncoding = 4; lastKnownFileType = sourcecode.c.objc; path = SDWebImageDecoder.m; sourceTree = "<group>"; };
		47EAA01B2248AAAE006B90C6 /* SDWebImageDownloaderOperation.h */ = {isa = PBXFileReference; fileEncoding = 4; lastKnownFileType = sourcecode.c.h; path = SDWebImageDownloaderOperation.h; sourceTree = "<group>"; };
		47EAA01C2248AAAE006B90C6 /* UIImageView+HighlightedWebCache.m */ = {isa = PBXFileReference; fileEncoding = 4; lastKnownFileType = sourcecode.c.objc; path = "UIImageView+HighlightedWebCache.m"; sourceTree = "<group>"; };
		47EAA01D2248AAAE006B90C6 /* SDImageCache.h */ = {isa = PBXFileReference; fileEncoding = 4; lastKnownFileType = sourcecode.c.h; path = SDImageCache.h; sourceTree = "<group>"; };
		47EAA01E2248AAAE006B90C6 /* SDWebImageDownloader.m */ = {isa = PBXFileReference; fileEncoding = 4; lastKnownFileType = sourcecode.c.objc; path = SDWebImageDownloader.m; sourceTree = "<group>"; };
		47EAA01F2248AAAE006B90C6 /* UIImage+GIF.m */ = {isa = PBXFileReference; fileEncoding = 4; lastKnownFileType = sourcecode.c.objc; path = "UIImage+GIF.m"; sourceTree = "<group>"; };
		47EAA0202248AAAE006B90C6 /* UIButton+WebCache.h */ = {isa = PBXFileReference; fileEncoding = 4; lastKnownFileType = sourcecode.c.h; path = "UIButton+WebCache.h"; sourceTree = "<group>"; };
		47EAA0212248AAAE006B90C6 /* UIImage+MultiFormat.m */ = {isa = PBXFileReference; fileEncoding = 4; lastKnownFileType = sourcecode.c.objc; path = "UIImage+MultiFormat.m"; sourceTree = "<group>"; };
		47EAA0222248AAAE006B90C6 /* SDWebImageCompat.m */ = {isa = PBXFileReference; fileEncoding = 4; lastKnownFileType = sourcecode.c.objc; path = SDWebImageCompat.m; sourceTree = "<group>"; };
		47EAA0232248AAAE006B90C6 /* SDWebImagePrefetcher.m */ = {isa = PBXFileReference; fileEncoding = 4; lastKnownFileType = sourcecode.c.objc; path = SDWebImagePrefetcher.m; sourceTree = "<group>"; };
		47EAA0242248AAAE006B90C6 /* UIView+WebCacheOperation.h */ = {isa = PBXFileReference; fileEncoding = 4; lastKnownFileType = sourcecode.c.h; path = "UIView+WebCacheOperation.h"; sourceTree = "<group>"; };
		47EAA0252248AAAE006B90C6 /* SDImageCache.m */ = {isa = PBXFileReference; fileEncoding = 4; lastKnownFileType = sourcecode.c.objc; path = SDImageCache.m; sourceTree = "<group>"; };
		47EAA0262248AAAE006B90C6 /* UIImageView+HighlightedWebCache.h */ = {isa = PBXFileReference; fileEncoding = 4; lastKnownFileType = sourcecode.c.h; path = "UIImageView+HighlightedWebCache.h"; sourceTree = "<group>"; };
		47EAA0272248AAAE006B90C6 /* SDWebImageDownloaderOperation.m */ = {isa = PBXFileReference; fileEncoding = 4; lastKnownFileType = sourcecode.c.objc; path = SDWebImageDownloaderOperation.m; sourceTree = "<group>"; };
		47EAA0282248AAAE006B90C6 /* SDWebImageDecoder.h */ = {isa = PBXFileReference; fileEncoding = 4; lastKnownFileType = sourcecode.c.h; path = SDWebImageDecoder.h; sourceTree = "<group>"; };
		47EAA0292248AAAE006B90C6 /* SDWebImageManager.h */ = {isa = PBXFileReference; fileEncoding = 4; lastKnownFileType = sourcecode.c.h; path = SDWebImageManager.h; sourceTree = "<group>"; };
		47EAA02A2248AAAE006B90C6 /* NSData+ImageContentType.m */ = {isa = PBXFileReference; fileEncoding = 4; lastKnownFileType = sourcecode.c.objc; path = "NSData+ImageContentType.m"; sourceTree = "<group>"; };
		47EAA02B2248AAAE006B90C6 /* UIImageView+WebCache.m */ = {isa = PBXFileReference; fileEncoding = 4; lastKnownFileType = sourcecode.c.objc; path = "UIImageView+WebCache.m"; sourceTree = "<group>"; };
		47EAA02C2248AAAE006B90C6 /* SDWebImageOperation.h */ = {isa = PBXFileReference; fileEncoding = 4; lastKnownFileType = sourcecode.c.h; path = SDWebImageOperation.h; sourceTree = "<group>"; };
		47EAA02D2248AAAE006B90C6 /* SDWebImageDownloader.h */ = {isa = PBXFileReference; fileEncoding = 4; lastKnownFileType = sourcecode.c.h; path = SDWebImageDownloader.h; sourceTree = "<group>"; };
		47EAA02E2248AAAE006B90C6 /* UIView+WebCacheOperation.m */ = {isa = PBXFileReference; fileEncoding = 4; lastKnownFileType = sourcecode.c.objc; path = "UIView+WebCacheOperation.m"; sourceTree = "<group>"; };
		47EAA02F2248AAAE006B90C6 /* SDWebImagePrefetcher.h */ = {isa = PBXFileReference; fileEncoding = 4; lastKnownFileType = sourcecode.c.h; path = SDWebImagePrefetcher.h; sourceTree = "<group>"; };
		47EAA0302248AAAE006B90C6 /* SDWebImageCompat.h */ = {isa = PBXFileReference; fileEncoding = 4; lastKnownFileType = sourcecode.c.h; path = SDWebImageCompat.h; sourceTree = "<group>"; };
		47EAA0312248AAAE006B90C6 /* UIImage+MultiFormat.h */ = {isa = PBXFileReference; fileEncoding = 4; lastKnownFileType = sourcecode.c.h; path = "UIImage+MultiFormat.h"; sourceTree = "<group>"; };
		47EAA0322248AAAE006B90C6 /* UIButton+WebCache.m */ = {isa = PBXFileReference; fileEncoding = 4; lastKnownFileType = sourcecode.c.objc; path = "UIButton+WebCache.m"; sourceTree = "<group>"; };
		47EAA0332248AAAE006B90C6 /* UIImage+GIF.h */ = {isa = PBXFileReference; fileEncoding = 4; lastKnownFileType = sourcecode.c.h; path = "UIImage+GIF.h"; sourceTree = "<group>"; };
		E56A113C1D6FECA5003808BF /* BeaconWaveLoading.app */ = {isa = PBXFileReference; explicitFileType = wrapper.application; includeInIndex = 0; path = BeaconWaveLoading.app; sourceTree = BUILT_PRODUCTS_DIR; };
		E56A11401D6FECA5003808BF /* main.m */ = {isa = PBXFileReference; lastKnownFileType = sourcecode.c.objc; path = main.m; sourceTree = "<group>"; };
		E56A11421D6FECA5003808BF /* AppDelegate.h */ = {isa = PBXFileReference; lastKnownFileType = sourcecode.c.h; path = AppDelegate.h; sourceTree = "<group>"; };
		E56A11431D6FECA5003808BF /* AppDelegate.m */ = {isa = PBXFileReference; lastKnownFileType = sourcecode.c.objc; path = AppDelegate.m; sourceTree = "<group>"; };
		E56A11451D6FECA5003808BF /* ViewController.h */ = {isa = PBXFileReference; lastKnownFileType = sourcecode.c.h; path = ViewController.h; sourceTree = "<group>"; };
		E56A11461D6FECA5003808BF /* ViewController.m */ = {isa = PBXFileReference; lastKnownFileType = sourcecode.c.objc; path = ViewController.m; sourceTree = "<group>"; };
		E56A11491D6FECA5003808BF /* Base */ = {isa = PBXFileReference; lastKnownFileType = file.storyboard; name = Base; path = Base.lproj/Main.storyboard; sourceTree = "<group>"; };
		E56A114E1D6FECA5003808BF /* Base */ = {isa = PBXFileReference; lastKnownFileType = file.storyboard; name = Base; path = Base.lproj/LaunchScreen.storyboard; sourceTree = "<group>"; };
		E56A11501D6FECA5003808BF /* Info.plist */ = {isa = PBXFileReference; lastKnownFileType = text.plist.xml; path = Info.plist; sourceTree = "<group>"; };
		E56A11551D6FECA5003808BF /* BeaconWaveLoadingTests.xctest */ = {isa = PBXFileReference; explicitFileType = wrapper.cfbundle; includeInIndex = 0; path = BeaconWaveLoadingTests.xctest; sourceTree = BUILT_PRODUCTS_DIR; };
		E56A11591D6FECA5003808BF /* BeaconWaveLoadingTests.m */ = {isa = PBXFileReference; lastKnownFileType = sourcecode.c.objc; path = BeaconWaveLoadingTests.m; sourceTree = "<group>"; };
		E56A115B1D6FECA5003808BF /* Info.plist */ = {isa = PBXFileReference; lastKnownFileType = text.plist.xml; path = Info.plist; sourceTree = "<group>"; };
		E56A11601D6FECA5003808BF /* BeaconWaveLoadingUITests.xctest */ = {isa = PBXFileReference; explicitFileType = wrapper.cfbundle; includeInIndex = 0; path = BeaconWaveLoadingUITests.xctest; sourceTree = BUILT_PRODUCTS_DIR; };
		E56A11641D6FECA5003808BF /* BeaconWaveLoadingUITests.m */ = {isa = PBXFileReference; lastKnownFileType = sourcecode.c.objc; path = BeaconWaveLoadingUITests.m; sourceTree = "<group>"; };
		E56A11661D6FECA5003808BF /* Info.plist */ = {isa = PBXFileReference; lastKnownFileType = text.plist.xml; path = Info.plist; sourceTree = "<group>"; };
		E56A11751D6FECF0003808BF /* MinewBeacon.h */ = {isa = PBXFileReference; fileEncoding = 4; lastKnownFileType = sourcecode.c.h; path = MinewBeacon.h; sourceTree = "<group>"; };
		E56A11791D6FECF0003808BF /* MinewBeaconManager.h */ = {isa = PBXFileReference; fileEncoding = 4; lastKnownFileType = sourcecode.c.h; path = MinewBeaconManager.h; sourceTree = "<group>"; };
		E56A117B1D6FECF0003808BF /* MinewBeaconValue.h */ = {isa = PBXFileReference; fileEncoding = 4; lastKnownFileType = sourcecode.c.h; path = MinewBeaconValue.h; sourceTree = "<group>"; };
		E56A117F1D6FECF0003808BF /* TableViewController.h */ = {isa = PBXFileReference; fileEncoding = 4; lastKnownFileType = sourcecode.c.h; path = TableViewController.h; sourceTree = "<group>"; };
		E56A11801D6FECF0003808BF /* TableViewController.m */ = {isa = PBXFileReference; fileEncoding = 4; lastKnownFileType = sourcecode.c.objc; path = TableViewController.m; sourceTree = "<group>"; };
		E5708CBE1D8FEEEF00DC6278 /* Manager.h */ = {isa = PBXFileReference; fileEncoding = 4; lastKnownFileType = sourcecode.c.h; path = Manager.h; sourceTree = "<group>"; };
		E5708CBF1D8FEEEF00DC6278 /* Manager.m */ = {isa = PBXFileReference; fileEncoding = 4; lastKnownFileType = sourcecode.c.objc; path = Manager.m; sourceTree = "<group>"; };
		E5F0C3D61DED68EB004DFEDE /* libMinewBeacon.a */ = {isa = PBXFileReference; lastKnownFileType = archive.ar; name = libMinewBeacon.a; path = MinewBeaconDemo/BeaconCore/libMinewBeacon.a; sourceTree = "<group>"; };
/* End PBXFileReference section */

/* Begin PBXFrameworksBuildPhase section */
		E56A11391D6FECA5003808BF /* Frameworks */ = {
			isa = PBXFrameworksBuildPhase;
			buildActionMask = 2147483647;
			files = (
				E5F0C3D71DED68EB004DFEDE /* libMinewBeacon.a in Frameworks */,
			);
			runOnlyForDeploymentPostprocessing = 0;
		};
		E56A11521D6FECA5003808BF /* Frameworks */ = {
			isa = PBXFrameworksBuildPhase;
			buildActionMask = 2147483647;
			files = (
			);
			runOnlyForDeploymentPostprocessing = 0;
		};
		E56A115D1D6FECA5003808BF /* Frameworks */ = {
			isa = PBXFrameworksBuildPhase;
			buildActionMask = 2147483647;
			files = (
			);
			runOnlyForDeploymentPostprocessing = 0;
		};
/* End PBXFrameworksBuildPhase section */

/* Begin PBXGroup section */
		476B2E8D223B38AE003A282C /* Classes */ = {
			isa = PBXGroup;
			children = (
				476B2E8E223B38AE003A282C /* DisplayViewController.xib */,
				476B2E8F223B38AE003A282C /* WaveLoadingIndicator.swift */,
				476B2E90223B38AE003A282C /* DisplayViewController.swift */,
			);
			path = Classes;
			sourceTree = "<group>";
		};
		47EAA0162248AAAE006B90C6 /* SDWebImage */ = {
			isa = PBXGroup;
			children = (
				47EAA0172248AAAE006B90C6 /* UIImageView+WebCache.h */,
				47EAA0182248AAAE006B90C6 /* NSData+ImageContentType.h */,
				47EAA0192248AAAE006B90C6 /* SDWebImageManager.m */,
				47EAA01A2248AAAE006B90C6 /* SDWebImageDecoder.m */,
				47EAA01B2248AAAE006B90C6 /* SDWebImageDownloaderOperation.h */,
				47EAA01C2248AAAE006B90C6 /* UIImageView+HighlightedWebCache.m */,
				47EAA01D2248AAAE006B90C6 /* SDImageCache.h */,
				47EAA01E2248AAAE006B90C6 /* SDWebImageDownloader.m */,
				47EAA01F2248AAAE006B90C6 /* UIImage+GIF.m */,
				47EAA0202248AAAE006B90C6 /* UIButton+WebCache.h */,
				47EAA0212248AAAE006B90C6 /* UIImage+MultiFormat.m */,
				47EAA0222248AAAE006B90C6 /* SDWebImageCompat.m */,
				47EAA0232248AAAE006B90C6 /* SDWebImagePrefetcher.m */,
				47EAA0242248AAAE006B90C6 /* UIView+WebCacheOperation.h */,
				47EAA0252248AAAE006B90C6 /* SDImageCache.m */,
				47EAA0262248AAAE006B90C6 /* UIImageView+HighlightedWebCache.h */,
				47EAA0272248AAAE006B90C6 /* SDWebImageDownloaderOperation.m */,
				47EAA0282248AAAE006B90C6 /* SDWebImageDecoder.h */,
				47EAA0292248AAAE006B90C6 /* SDWebImageManager.h */,
				47EAA02A2248AAAE006B90C6 /* NSData+ImageContentType.m */,
				47EAA02B2248AAAE006B90C6 /* UIImageView+WebCache.m */,
				47EAA02C2248AAAE006B90C6 /* SDWebImageOperation.h */,
				47EAA02D2248AAAE006B90C6 /* SDWebImageDownloader.h */,
				47EAA02E2248AAAE006B90C6 /* UIView+WebCacheOperation.m */,
				47EAA02F2248AAAE006B90C6 /* SDWebImagePrefetcher.h */,
				47EAA0302248AAAE006B90C6 /* SDWebImageCompat.h */,
				47EAA0312248AAAE006B90C6 /* UIImage+MultiFormat.h */,
				47EAA0322248AAAE006B90C6 /* UIButton+WebCache.m */,
				47EAA0332248AAAE006B90C6 /* UIImage+GIF.h */,
			);
			path = SDWebImage;
			sourceTree = "<group>";
		};
		E56A11331D6FECA5003808BF = {
			isa = PBXGroup;
			children = (
				E56A113E1D6FECA5003808BF /* BeaconWaveLoading */,
				E56A11581D6FECA5003808BF /* BeaconWaveLoadingTests */,
				E56A11631D6FECA5003808BF /* BeaconWaveLoadingUITests */,
				E56A113D1D6FECA5003808BF /* Products */,
				E5F0C3D51DED68EB004DFEDE /* Frameworks */,
			);
			sourceTree = "<group>";
		};
		E56A113D1D6FECA5003808BF /* Products */ = {
			isa = PBXGroup;
			children = (
				E56A113C1D6FECA5003808BF /* BeaconWaveLoading.app */,
				E56A11551D6FECA5003808BF /* BeaconWaveLoadingTests.xctest */,
				E56A11601D6FECA5003808BF /* BeaconWaveLoadingUITests.xctest */,
			);
			name = Products;
			sourceTree = "<group>";
		};
		E56A113E1D6FECA5003808BF /* BeaconWaveLoading */ = {
			isa = PBXGroup;
			children = (
				47EAA0162248AAAE006B90C6 /* SDWebImage */,
				476B2E8D223B38AE003A282C /* Classes */,
				E56A11421D6FECA5003808BF /* AppDelegate.h */,
				E56A11431D6FECA5003808BF /* AppDelegate.m */,
				E56A11451D6FECA5003808BF /* ViewController.h */,
				E56A11461D6FECA5003808BF /* ViewController.m */,
				E5708CBE1D8FEEEF00DC6278 /* Manager.h */,
				E5708CBF1D8FEEEF00DC6278 /* Manager.m */,
				E56A11721D6FECF0003808BF /* BeaconCore */,
				E56A117F1D6FECF0003808BF /* TableViewController.h */,
				E56A11801D6FECF0003808BF /* TableViewController.m */,
				476B2E95223B3A22003A282C /* BeaconWaveLoading-Bridging-Header.h */,
				E56A11481D6FECA5003808BF /* Main.storyboard */,
				E56A114D1D6FECA5003808BF /* LaunchScreen.storyboard */,
				E56A11501D6FECA5003808BF /* Info.plist */,
				47C8EE33225AECCA0070EA00 /* bg.png */,
				E56A113F1D6FECA5003808BF /* Supporting Files */,
			);
			path = BeaconWaveLoading;
			sourceTree = "<group>";
		};
		E56A113F1D6FECA5003808BF /* Supporting Files */ = {
			isa = PBXGroup;
			children = (
				E56A11401D6FECA5003808BF /* main.m */,
			);
			name = "Supporting Files";
			sourceTree = "<group>";
		};
		E56A11581D6FECA5003808BF /* BeaconWaveLoadingTests */ = {
			isa = PBXGroup;
			children = (
				E56A11591D6FECA5003808BF /* BeaconWaveLoadingTests.m */,
				E56A115B1D6FECA5003808BF /* Info.plist */,
			);
			path = BeaconWaveLoadingTests;
			sourceTree = "<group>";
		};
		E56A11631D6FECA5003808BF /* BeaconWaveLoadingUITests */ = {
			isa = PBXGroup;
			children = (
				E56A11641D6FECA5003808BF /* BeaconWaveLoadingUITests.m */,
				E56A11661D6FECA5003808BF /* Info.plist */,
			);
			path = BeaconWaveLoadingUITests;
			sourceTree = "<group>";
		};
		E56A11721D6FECF0003808BF /* BeaconCore */ = {
			isa = PBXGroup;
			children = (
				E56A11751D6FECF0003808BF /* MinewBeacon.h */,
				E56A11791D6FECF0003808BF /* MinewBeaconManager.h */,
				E56A117B1D6FECF0003808BF /* MinewBeaconValue.h */,
			);
			path = BeaconCore;
			sourceTree = "<group>";
		};
		E5F0C3D51DED68EB004DFEDE /* Frameworks */ = {
			isa = PBXGroup;
			children = (
				E5F0C3D61DED68EB004DFEDE /* libMinewBeacon.a */,
			);
			name = Frameworks;
			sourceTree = "<group>";
		};
/* End PBXGroup section */

/* Begin PBXNativeTarget section */
		E56A113B1D6FECA5003808BF /* BeaconWaveLoading */ = {
			isa = PBXNativeTarget;
			buildConfigurationList = E56A11691D6FECA5003808BF /* Build configuration list for PBXNativeTarget "BeaconWaveLoading" */;
			buildPhases = (
				E56A11381D6FECA5003808BF /* Sources */,
				E56A11391D6FECA5003808BF /* Frameworks */,
				E56A113A1D6FECA5003808BF /* Resources */,
			);
			buildRules = (
			);
			dependencies = (
			);
			name = BeaconWaveLoading;
			productName = MinewBeaconDemo;
			productReference = E56A113C1D6FECA5003808BF /* BeaconWaveLoading.app */;
			productType = "com.apple.product-type.application";
		};
		E56A11541D6FECA5003808BF /* BeaconWaveLoadingTests */ = {
			isa = PBXNativeTarget;
			buildConfigurationList = E56A116C1D6FECA5003808BF /* Build configuration list for PBXNativeTarget "BeaconWaveLoadingTests" */;
			buildPhases = (
				E56A11511D6FECA5003808BF /* Sources */,
				E56A11521D6FECA5003808BF /* Frameworks */,
				E56A11531D6FECA5003808BF /* Resources */,
			);
			buildRules = (
			);
			dependencies = (
				E56A11571D6FECA5003808BF /* PBXTargetDependency */,
			);
			name = BeaconWaveLoadingTests;
			productName = MinewBeaconDemoTests;
			productReference = E56A11551D6FECA5003808BF /* BeaconWaveLoadingTests.xctest */;
			productType = "com.apple.product-type.bundle.unit-test";
		};
		E56A115F1D6FECA5003808BF /* BeaconWaveLoadingUITests */ = {
			isa = PBXNativeTarget;
			buildConfigurationList = E56A116F1D6FECA5003808BF /* Build configuration list for PBXNativeTarget "BeaconWaveLoadingUITests" */;
			buildPhases = (
				E56A115C1D6FECA5003808BF /* Sources */,
				E56A115D1D6FECA5003808BF /* Frameworks */,
				E56A115E1D6FECA5003808BF /* Resources */,
			);
			buildRules = (
			);
			dependencies = (
				E56A11621D6FECA5003808BF /* PBXTargetDependency */,
			);
			name = BeaconWaveLoadingUITests;
			productName = MinewBeaconDemoUITests;
			productReference = E56A11601D6FECA5003808BF /* BeaconWaveLoadingUITests.xctest */;
			productType = "com.apple.product-type.bundle.ui-testing";
		};
/* End PBXNativeTarget section */

/* Begin PBXProject section */
		E56A11341D6FECA5003808BF /* Project object */ = {
			isa = PBXProject;
			attributes = {
				LastUpgradeCheck = 1010;
				ORGANIZATIONNAME = Yunliwuli;
				TargetAttributes = {
					E56A113B1D6FECA5003808BF = {
						CreatedOnToolsVersion = 7.3.1;
						DevelopmentTeam = 6CL65L546K;
						SystemCapabilities = {
							com.apple.BackgroundModes = {
								enabled = 1;
							};
						};
					};
					E56A11541D6FECA5003808BF = {
						CreatedOnToolsVersion = 7.3.1;
						TestTargetID = E56A113B1D6FECA5003808BF;
					};
					E56A115F1D6FECA5003808BF = {
						CreatedOnToolsVersion = 7.3.1;
						TestTargetID = E56A113B1D6FECA5003808BF;
					};
				};
			};
			buildConfigurationList = E56A11371D6FECA5003808BF /* Build configuration list for PBXProject "BeaconWaveLoading" */;
			compatibilityVersion = "Xcode 3.2";
			developmentRegion = English;
			hasScannedForEncodings = 0;
			knownRegions = (
				en,
				Base,
			);
			mainGroup = E56A11331D6FECA5003808BF;
			productRefGroup = E56A113D1D6FECA5003808BF /* Products */;
			projectDirPath = "";
			projectRoot = "";
			targets = (
				E56A113B1D6FECA5003808BF /* BeaconWaveLoading */,
				E56A11541D6FECA5003808BF /* BeaconWaveLoadingTests */,
				E56A115F1D6FECA5003808BF /* BeaconWaveLoadingUITests */,
			);
		};
/* End PBXProject section */

/* Begin PBXResourcesBuildPhase section */
		E56A113A1D6FECA5003808BF /* Resources */ = {
			isa = PBXResourcesBuildPhase;
			buildActionMask = 2147483647;
			files = (
				E56A114F1D6FECA5003808BF /* LaunchScreen.storyboard in Resources */,
				E56A114A1D6FECA5003808BF /* Main.storyboard in Resources */,
				47C8EE34225AECCA0070EA00 /* bg.png in Resources */,
				476B2E91223B38AE003A282C /* DisplayViewController.xib in Resources */,
			);
			runOnlyForDeploymentPostprocessing = 0;
		};
		E56A11531D6FECA5003808BF /* Resources */ = {
			isa = PBXResourcesBuildPhase;
			buildActionMask = 2147483647;
			files = (
			);
			runOnlyForDeploymentPostprocessing = 0;
		};
		E56A115E1D6FECA5003808BF /* Resources */ = {
			isa = PBXResourcesBuildPhase;
			buildActionMask = 2147483647;
			files = (
			);
			runOnlyForDeploymentPostprocessing = 0;
		};
/* End PBXResourcesBuildPhase section */

/* Begin PBXSourcesBuildPhase section */
		E56A11381D6FECA5003808BF /* Sources */ = {
			isa = PBXSourcesBuildPhase;
			buildActionMask = 2147483647;
			files = (
				47EAA0392248AAAE006B90C6 /* UIImage+MultiFormat.m in Sources */,
				476B2E93223B38AE003A282C /* DisplayViewController.swift in Sources */,
				47EAA0342248AAAE006B90C6 /* SDWebImageManager.m in Sources */,
				E56A11471D6FECA5003808BF /* ViewController.m in Sources */,
				47EAA03E2248AAAE006B90C6 /* NSData+ImageContentType.m in Sources */,
				47EAA0372248AAAE006B90C6 /* SDWebImageDownloader.m in Sources */,
				47EAA03A2248AAAE006B90C6 /* SDWebImageCompat.m in Sources */,
				47EAA0412248AAAE006B90C6 /* UIButton+WebCache.m in Sources */,
				47EAA03B2248AAAE006B90C6 /* SDWebImagePrefetcher.m in Sources */,
				47EAA03C2248AAAE006B90C6 /* SDImageCache.m in Sources */,
				47EAA03D2248AAAE006B90C6 /* SDWebImageDownloaderOperation.m in Sources */,
				47EAA03F2248AAAE006B90C6 /* UIImageView+WebCache.m in Sources */,
				476B2E92223B38AE003A282C /* WaveLoadingIndicator.swift in Sources */,
				47EAA0402248AAAE006B90C6 /* UIView+WebCacheOperation.m in Sources */,
				E56A11441D6FECA5003808BF /* AppDelegate.m in Sources */,
				47EAA0382248AAAE006B90C6 /* UIImage+GIF.m in Sources */,
				E56A11871D6FECF0003808BF /* TableViewController.m in Sources */,
				E56A11411D6FECA5003808BF /* main.m in Sources */,
				47EAA0352248AAAE006B90C6 /* SDWebImageDecoder.m in Sources */,
				47EAA0362248AAAE006B90C6 /* UIImageView+HighlightedWebCache.m in Sources */,
				E5708CC01D8FEEEF00DC6278 /* Manager.m in Sources */,
			);
			runOnlyForDeploymentPostprocessing = 0;
		};
		E56A11511D6FECA5003808BF /* Sources */ = {
			isa = PBXSourcesBuildPhase;
			buildActionMask = 2147483647;
			files = (
				E56A115A1D6FECA5003808BF /* BeaconWaveLoadingTests.m in Sources */,
			);
			runOnlyForDeploymentPostprocessing = 0;
		};
		E56A115C1D6FECA5003808BF /* Sources */ = {
			isa = PBXSourcesBuildPhase;
			buildActionMask = 2147483647;
			files = (
				E56A11651D6FECA5003808BF /* BeaconWaveLoadingUITests.m in Sources */,
			);
			runOnlyForDeploymentPostprocessing = 0;
		};
/* End PBXSourcesBuildPhase section */

/* Begin PBXTargetDependency section */
		E56A11571D6FECA5003808BF /* PBXTargetDependency */ = {
			isa = PBXTargetDependency;
			target = E56A113B1D6FECA5003808BF /* BeaconWaveLoading */;
			targetProxy = E56A11561D6FECA5003808BF /* PBXContainerItemProxy */;
		};
		E56A11621D6FECA5003808BF /* PBXTargetDependency */ = {
			isa = PBXTargetDependency;
			target = E56A113B1D6FECA5003808BF /* BeaconWaveLoading */;
			targetProxy = E56A11611D6FECA5003808BF /* PBXContainerItemProxy */;
		};
/* End PBXTargetDependency section */

/* Begin PBXVariantGroup section */
		E56A11481D6FECA5003808BF /* Main.storyboard */ = {
			isa = PBXVariantGroup;
			children = (
				E56A11491D6FECA5003808BF /* Base */,
			);
			name = Main.storyboard;
			sourceTree = "<group>";
		};
		E56A114D1D6FECA5003808BF /* LaunchScreen.storyboard */ = {
			isa = PBXVariantGroup;
			children = (
				E56A114E1D6FECA5003808BF /* Base */,
			);
			name = LaunchScreen.storyboard;
			sourceTree = "<group>";
		};
/* End PBXVariantGroup section */

/* Begin XCBuildConfiguration section */
		E56A11671D6FECA5003808BF /* Debug */ = {
			isa = XCBuildConfiguration;
			buildSettings = {
				ALWAYS_SEARCH_USER_PATHS = NO;
				CLANG_ANALYZER_NONNULL = YES;
				CLANG_CXX_LANGUAGE_STANDARD = "gnu++0x";
				CLANG_CXX_LIBRARY = "libc++";
				CLANG_ENABLE_MODULES = YES;
				CLANG_ENABLE_OBJC_ARC = YES;
				CLANG_WARN_BLOCK_CAPTURE_AUTORELEASING = YES;
				CLANG_WARN_BOOL_CONVERSION = YES;
				CLANG_WARN_COMMA = YES;
				CLANG_WARN_CONSTANT_CONVERSION = YES;
				CLANG_WARN_DEPRECATED_OBJC_IMPLEMENTATIONS = YES;
				CLANG_WARN_DIRECT_OBJC_ISA_USAGE = YES_ERROR;
				CLANG_WARN_EMPTY_BODY = YES;
				CLANG_WARN_ENUM_CONVERSION = YES;
				CLANG_WARN_INFINITE_RECURSION = YES;
				CLANG_WARN_INT_CONVERSION = YES;
				CLANG_WARN_NON_LITERAL_NULL_CONVERSION = YES;
				CLANG_WARN_OBJC_IMPLICIT_RETAIN_SELF = YES;
				CLANG_WARN_OBJC_LITERAL_CONVERSION = YES;
				CLANG_WARN_OBJC_ROOT_CLASS = YES_ERROR;
				CLANG_WARN_RANGE_LOOP_ANALYSIS = YES;
				CLANG_WARN_STRICT_PROTOTYPES = YES;
				CLANG_WARN_SUSPICIOUS_MOVE = YES;
				CLANG_WARN_UNREACHABLE_CODE = YES;
				CLANG_WARN__DUPLICATE_METHOD_MATCH = YES;
				"CODE_SIGN_IDENTITY[sdk=iphoneos*]" = "iPhone Developer";
				COPY_PHASE_STRIP = NO;
				DEBUG_INFORMATION_FORMAT = dwarf;
				ENABLE_STRICT_OBJC_MSGSEND = YES;
				ENABLE_TESTABILITY = YES;
				GCC_C_LANGUAGE_STANDARD = gnu99;
				GCC_DYNAMIC_NO_PIC = NO;
				GCC_NO_COMMON_BLOCKS = YES;
				GCC_OPTIMIZATION_LEVEL = 0;
				GCC_PREPROCESSOR_DEFINITIONS = (
					"DEBUG=1",
					"$(inherited)",
				);
				GCC_WARN_64_TO_32_BIT_CONVERSION = YES;
				GCC_WARN_ABOUT_RETURN_TYPE = YES_ERROR;
				GCC_WARN_UNDECLARED_SELECTOR = YES;
				GCC_WARN_UNINITIALIZED_AUTOS = YES_AGGRESSIVE;
				GCC_WARN_UNUSED_FUNCTION = YES;
				GCC_WARN_UNUSED_VARIABLE = YES;
				IPHONEOS_DEPLOYMENT_TARGET = 9.0;
				MTL_ENABLE_DEBUG_INFO = YES;
				ONLY_ACTIVE_ARCH = YES;
				SDKROOT = iphoneos;
				TARGETED_DEVICE_FAMILY = "1,2";
			};
			name = Debug;
		};
		E56A11681D6FECA5003808BF /* Release */ = {
			isa = XCBuildConfiguration;
			buildSettings = {
				ALWAYS_SEARCH_USER_PATHS = NO;
				CLANG_ANALYZER_NONNULL = YES;
				CLANG_CXX_LANGUAGE_STANDARD = "gnu++0x";
				CLANG_CXX_LIBRARY = "libc++";
				CLANG_ENABLE_MODULES = YES;
				CLANG_ENABLE_OBJC_ARC = YES;
				CLANG_WARN_BLOCK_CAPTURE_AUTORELEASING = YES;
				CLANG_WARN_BOOL_CONVERSION = YES;
				CLANG_WARN_COMMA = YES;
				CLANG_WARN_CONSTANT_CONVERSION = YES;
				CLANG_WARN_DEPRECATED_OBJC_IMPLEMENTATIONS = YES;
				CLANG_WARN_DIRECT_OBJC_ISA_USAGE = YES_ERROR;
				CLANG_WARN_EMPTY_BODY = YES;
				CLANG_WARN_ENUM_CONVERSION = YES;
				CLANG_WARN_INFINITE_RECURSION = YES;
				CLANG_WARN_INT_CONVERSION = YES;
				CLANG_WARN_NON_LITERAL_NULL_CONVERSION = YES;
				CLANG_WARN_OBJC_IMPLICIT_RETAIN_SELF = YES;
				CLANG_WARN_OBJC_LITERAL_CONVERSION = YES;
				CLANG_WARN_OBJC_ROOT_CLASS = YES_ERROR;
				CLANG_WARN_RANGE_LOOP_ANALYSIS = YES;
				CLANG_WARN_STRICT_PROTOTYPES = YES;
				CLANG_WARN_SUSPICIOUS_MOVE = YES;
				CLANG_WARN_UNREACHABLE_CODE = YES;
				CLANG_WARN__DUPLICATE_METHOD_MATCH = YES;
				"CODE_SIGN_IDENTITY[sdk=iphoneos*]" = "iPhone Developer";
				COPY_PHASE_STRIP = NO;
				DEBUG_INFORMATION_FORMAT = "dwarf-with-dsym";
				ENABLE_NS_ASSERTIONS = NO;
				ENABLE_STRICT_OBJC_MSGSEND = YES;
				GCC_C_LANGUAGE_STANDARD = gnu99;
				GCC_NO_COMMON_BLOCKS = YES;
				GCC_WARN_64_TO_32_BIT_CONVERSION = YES;
				GCC_WARN_ABOUT_RETURN_TYPE = YES_ERROR;
				GCC_WARN_UNDECLARED_SELECTOR = YES;
				GCC_WARN_UNINITIALIZED_AUTOS = YES_AGGRESSIVE;
				GCC_WARN_UNUSED_FUNCTION = YES;
				GCC_WARN_UNUSED_VARIABLE = YES;
				IPHONEOS_DEPLOYMENT_TARGET = 9.0;
				MTL_ENABLE_DEBUG_INFO = NO;
				SDKROOT = iphoneos;
				SWIFT_COMPILATION_MODE = wholemodule;
				TARGETED_DEVICE_FAMILY = "1,2";
				VALIDATE_PRODUCT = YES;
			};
			name = Release;
		};
		E56A116A1D6FECA5003808BF /* Debug */ = {
			isa = XCBuildConfiguration;
			buildSettings = {
				ASSETCATALOG_COMPILER_APPICON_NAME = AppIcon;
				ASSETCATALOG_COMPILER_LAUNCHIMAGE_NAME = LaunchImage;
				CODE_SIGN_IDENTITY = "iPhone Developer";
				"CODE_SIGN_IDENTITY[sdk=iphoneos*]" = "iPhone Developer";
				DEFINES_MODULE = YES;
				DEVELOPMENT_TEAM = 6CL65L546K;
				INFOPLIST_FILE = BeaconWaveLoading/Info.plist;
				IPHONEOS_DEPLOYMENT_TARGET = 8.0;
				LD_RUNPATH_SEARCH_PATHS = "$(inherited) @executable_path/Frameworks";
				LIBRARY_SEARCH_PATHS = (
					"$(inherited)",
					"$(PROJECT_DIR)/BeaconWaveLoading/BeaconCore",
				);
				PRODUCT_BUNDLE_IDENTIFIER = net.ParkGeum.BeaconWaveLoading;
				PRODUCT_NAME = "$(TARGET_NAME)";
				PROVISIONING_PROFILE = "";
				SWIFT_ENABLE_BATCH_MODE = NO;
				SWIFT_OBJC_BRIDGING_HEADER = "BeaconWaveLoading/BeaconWaveLoading-Bridging-Header.h";
				SWIFT_VERSION = 4.2;
				TARGETED_DEVICE_FAMILY = 1;
			};
			name = Debug;
		};
		E56A116B1D6FECA5003808BF /* Release */ = {
			isa = XCBuildConfiguration;
			buildSettings = {
				ASSETCATALOG_COMPILER_APPICON_NAME = AppIcon;
				ASSETCATALOG_COMPILER_LAUNCHIMAGE_NAME = LaunchImage;
				CODE_SIGN_IDENTITY = "iPhone Developer";
				"CODE_SIGN_IDENTITY[sdk=iphoneos*]" = "iPhone Developer";
				DEFINES_MODULE = YES;
				DEVELOPMENT_TEAM = 6CL65L546K;
				INFOPLIST_FILE = BeaconWaveLoading/Info.plist;
				IPHONEOS_DEPLOYMENT_TARGET = 8.0;
				LD_RUNPATH_SEARCH_PATHS = "$(inherited) @executable_path/Frameworks";
				LIBRARY_SEARCH_PATHS = (
					"$(inherited)",
					"$(PROJECT_DIR)/BeaconWaveLoading/BeaconCore",
				);
				PRODUCT_BUNDLE_IDENTIFIER = net.ParkGeum.BeaconWaveLoading;
				PRODUCT_NAME = "$(TARGET_NAME)";
				PROVISIONING_PROFILE = "";
				SWIFT_ENABLE_BATCH_MODE = NO;
				SWIFT_OBJC_BRIDGING_HEADER = "BeaconWaveLoading/BeaconWaveLoading-Bridging-Header.h";
				SWIFT_VERSION = 4.2;
				TARGETED_DEVICE_FAMILY = 1;
			};
			name = Release;
		};
		E56A116D1D6FECA5003808BF /* Debug */ = {
			isa = XCBuildConfiguration;
			buildSettings = {
				ALWAYS_EMBED_SWIFT_STANDARD_LIBRARIES = YES;
				BUNDLE_LOADER = "$(TEST_HOST)";
				INFOPLIST_FILE = MinewBeaconDemoTests/Info.plist;
				LD_RUNPATH_SEARCH_PATHS = "$(inherited) @executable_path/Frameworks @loader_path/Frameworks";
				PRODUCT_BUNDLE_IDENTIFIER = com.YLWL.MinewBeaconDemoTests;
				PRODUCT_NAME = "$(TARGET_NAME)";
				TEST_HOST = "$(BUILT_PRODUCTS_DIR)/BeaconWaveLoading.app/BeaconWaveLoading";
			};
			name = Debug;
		};
		E56A116E1D6FECA5003808BF /* Release */ = {
			isa = XCBuildConfiguration;
			buildSettings = {
				ALWAYS_EMBED_SWIFT_STANDARD_LIBRARIES = YES;
				BUNDLE_LOADER = "$(TEST_HOST)";
				INFOPLIST_FILE = MinewBeaconDemoTests/Info.plist;
				LD_RUNPATH_SEARCH_PATHS = "$(inherited) @executable_path/Frameworks @loader_path/Frameworks";
				PRODUCT_BUNDLE_IDENTIFIER = com.YLWL.MinewBeaconDemoTests;
				PRODUCT_NAME = "$(TARGET_NAME)";
				TEST_HOST = "$(BUILT_PRODUCTS_DIR)/BeaconWaveLoading.app/BeaconWaveLoading";
			};
			name = Release;
		};
		E56A11701D6FECA5003808BF /* Debug */ = {
			isa = XCBuildConfiguration;
			buildSettings = {
				ALWAYS_EMBED_SWIFT_STANDARD_LIBRARIES = YES;
				INFOPLIST_FILE = MinewBeaconDemoUITests/Info.plist;
				LD_RUNPATH_SEARCH_PATHS = "$(inherited) @executable_path/Frameworks @loader_path/Frameworks";
				PRODUCT_BUNDLE_IDENTIFIER = com.YLWL.MinewBeaconDemoUITests;
				PRODUCT_NAME = "$(TARGET_NAME)";
				TEST_TARGET_NAME = MinewBeaconDemo;
			};
			name = Debug;
		};
		E56A11711D6FECA5003808BF /* Release */ = {
			isa = XCBuildConfiguration;
			buildSettings = {
				ALWAYS_EMBED_SWIFT_STANDARD_LIBRARIES = YES;
				INFOPLIST_FILE = MinewBeaconDemoUITests/Info.plist;
				LD_RUNPATH_SEARCH_PATHS = "$(inherited) @executable_path/Frameworks @loader_path/Frameworks";
				PRODUCT_BUNDLE_IDENTIFIER = com.YLWL.MinewBeaconDemoUITests;
				PRODUCT_NAME = "$(TARGET_NAME)";
				TEST_TARGET_NAME = MinewBeaconDemo;
			};
			name = Release;
		};
/* End XCBuildConfiguration section */

/* Begin XCConfigurationList section */
		E56A11371D6FECA5003808BF /* Build configuration list for PBXProject "BeaconWaveLoading" */ = {
			isa = XCConfigurationList;
			buildConfigurations = (
				E56A11671D6FECA5003808BF /* Debug */,
				E56A11681D6FECA5003808BF /* Release */,
			);
			defaultConfigurationIsVisible = 0;
			defaultConfigurationName = Release;
		};
		E56A11691D6FECA5003808BF /* Build configuration list for PBXNativeTarget "BeaconWaveLoading" */ = {
			isa = XCConfigurationList;
			buildConfigurations = (
				E56A116A1D6FECA5003808BF /* Debug */,
				E56A116B1D6FECA5003808BF /* Release */,
			);
			defaultConfigurationIsVisible = 0;
			defaultConfigurationName = Release;
		};
		E56A116C1D6FECA5003808BF /* Build configuration list for PBXNativeTarget "BeaconWaveLoadingTests" */ = {
			isa = XCConfigurationList;
			buildConfigurations = (
				E56A116D1D6FECA5003808BF /* Debug */,
				E56A116E1D6FECA5003808BF /* Release */,
			);
			defaultConfigurationIsVisible = 0;
			defaultConfigurationName = Release;
		};
		E56A116F1D6FECA5003808BF /* Build configuration list for PBXNativeTarget "BeaconWaveLoadingUITests" */ = {
			isa = XCConfigurationList;
			buildConfigurations = (
				E56A11701D6FECA5003808BF /* Debug */,
				E56A11711D6FECA5003808BF /* Release */,
			);
			defaultConfigurationIsVisible = 0;
			defaultConfigurationName = Release;
		};
/* End XCConfigurationList section */
	};
	rootObject = E56A11341D6FECA5003808BF /* Project object */;
}
